
Microsoft Visual Studio Solution File, Format Version 12.00
# Visual Studio Version 17
VisualStudioVersion = 17.8.34316.72
MinimumVisualStudioVersion = 10.0.40219.1
Project("{FAE04EC0-301F-11D3-BF4B-00C04F79EFBC}") = "SnakeGame", "SnakeGame\SnakeGame.csproj", "{16013F54-5934-4DD8-9C7A-E4C6E70DDB3C}"
EndProject
Global
	GlobalSection(SolutionConfigurationPlatforms) = preSolution
		Debug|Any CPU = Debug|Any CPU
		Release|Any CPU = Release|Any CPU
	EndGlobalSection
	GlobalSection(ProjectConfigurationPlatforms) = postSolution
		{16013F54-5934-4DD8-9C7A-E4C6E70DDB3C}.Debug|Any CPU.ActiveCfg = Debug|Any CPU
		{16013F54-5934-4DD8-9C7A-E4C6E70DDB3C}.Debug|Any CPU.Build.0 = Debug|Any CPU
		{16013F54-5934-4DD8-9C7A-E4C6E70DDB3C}.Release|Any CPU.ActiveCfg = Release|Any CPU
		{16013F54-5934-4DD8-9C7A-E4C6E70DDB3C}.Release|Any CPU.Build.0 = Release|Any CPU
	EndGlobalSection
	GlobalSection(SolutionProperties) = preSolution
		HideSolutionNode = FALSE
	EndGlobalSection
	GlobalSection(ExtensibilityGlobals) = postSolution
		SolutionGuid = {6C28D497-18EC-4284-9BD4-FE3699A311D6}
	EndGlobalSection
EndGlobal
